
Microsoft Visual Studio Solution File, Format Version 12.00
Project("{F2A71F9B-5D33-465A-A702-920D77279786}") = "Pot", "Pot\Pot.fsproj", "{97C8C600-CF73-4159-8148-FC2F28A69364}"
EndProject
Project("{F2A71F9B-5D33-465A-A702-920D77279786}") = "Planina", "Planina\Planina.fsproj", "{CF3C3877-C977-41A1-8208-39D52E24E004}"
EndProject
Project("{F2A71F9B-5D33-465A-A702-920D77279786}") = "LastFactorialDigit", "LastFactorialDigit\LastFactorialDigit.fsproj", "{37ED4389-40CD-44AC-9D5A-BA50453C76E2}"
EndProject
Project("{F2A71F9B-5D33-465A-A702-920D77279786}") = "Grassseed", "Grassseed\Grassseed.fsproj", "{EA93BBAB-0C49-4598-98D9-B421523773AF}"
EndProject
Project("{F2A71F9B-5D33-465A-A702-920D77279786}") = "ABC", "ABC\ABC.fsproj", "{490CA4EC-0CB8-404E-AF7D-896F2C1117FB}"
EndProject
Project("{F2A71F9B-5D33-465A-A702-920D77279786}") = "NoDuplicate", "NoDuplicate\NoDuplicate.fsproj", "{C002123F-74A0-4930-8E87-DB6684F06BEB}"
EndProject
Project("{F2A71F9B-5D33-465A-A702-920D77279786}") = "Ladder", "Ladder\Ladder.fsproj", "{EC52A1AC-D32B-4815-9ACC-EED65B3860E3}"
EndProject
Project("{F2A71F9B-5D33-465A-A702-920D77279786}") = "Harshad", "Harshad\Harshad.fsproj", "{A9C68D54-4D17-40F7-9294-CEAC5DAC8057}"
EndProject
Project("{F2A71F9B-5D33-465A-A702-920D77279786}") = "FreeFood", "FreeFood\FreeFood.fsproj", "{6D04BB30-09E1-4BA3-80CB-B096E631C35D}"
EndProject
Project("{F2A71F9B-5D33-465A-A702-920D77279786}") = "Datum", "Datum\Datum.fsproj", "{A68E4F39-149C-4B2A-AA77-D5978E43F26B}"
EndProject
Project("{F2A71F9B-5D33-465A-A702-920D77279786}") = "aDifferentProblem", "aDifferentProblem\aDifferentProblem.fsproj", "{71BD3506-B62A-4E27-858A-65CC5FE73DD5}"
EndProject
Project("{F2A71F9B-5D33-465A-A702-920D77279786}") = "SortOfSorting", "SortOfSorting\SortOfSorting.fsproj", "{B0F52714-C9A7-4C19-83BB-DE1F9BC0C49F}"
EndProject
Project("{F2A71F9B-5D33-465A-A702-920D77279786}") = "Babelfish", "Babelfish\Babelfish.fsproj", "{691E8DF8-769C-4CB6-9223-7AB29C1E8C63}"
EndProject
Project("{F2A71F9B-5D33-465A-A702-920D77279786}") = "BridgesAndTunnels", "BridgesAndTunnels\BridgesAndTunnels.fsproj", "{5834369E-9479-46AB-A54F-5A0B74D01C54}"
EndProject
Project("{F2A71F9B-5D33-465A-A702-920D77279786}") = "BatterUp", "BatterUp\BatterUp.fsproj", "{5F9CC375-595D-4922-9A07-B89D3987FC54}"
EndProject
Project("{F2A71F9B-5D33-465A-A702-920D77279786}") = "Filip", "Filip\Filip.fsproj", "{2A6DBD79-EA96-41ED-867C-F1E1804A4831}"
EndProject
Project("{F2A71F9B-5D33-465A-A702-920D77279786}") = "NastyHacks", "NastyHacks\NastyHacks.fsproj", "{421DA18C-9F66-4A59-B666-2BCA5D303B56}"
EndProject
Project("{F2A71F9B-5D33-465A-A702-920D77279786}") = "FizzBuzz", "FizzBuzz\FizzBuzz.fsproj", "{471B96C6-2AA7-494C-9993-B0A7635C7658}"
EndProject
Global
	GlobalSection(SolutionConfigurationPlatforms) = preSolution
		Debug|Any CPU = Debug|Any CPU
		Release|Any CPU = Release|Any CPU
	EndGlobalSection
	GlobalSection(ProjectConfigurationPlatforms) = postSolution
		{97C8C600-CF73-4159-8148-FC2F28A69364}.Debug|Any CPU.ActiveCfg = Debug|Any CPU
		{97C8C600-CF73-4159-8148-FC2F28A69364}.Debug|Any CPU.Build.0 = Debug|Any CPU
		{97C8C600-CF73-4159-8148-FC2F28A69364}.Release|Any CPU.ActiveCfg = Release|Any CPU
		{97C8C600-CF73-4159-8148-FC2F28A69364}.Release|Any CPU.Build.0 = Release|Any CPU
		{CF3C3877-C977-41A1-8208-39D52E24E004}.Debug|Any CPU.ActiveCfg = Debug|Any CPU
		{CF3C3877-C977-41A1-8208-39D52E24E004}.Debug|Any CPU.Build.0 = Debug|Any CPU
		{CF3C3877-C977-41A1-8208-39D52E24E004}.Release|Any CPU.ActiveCfg = Release|Any CPU
		{CF3C3877-C977-41A1-8208-39D52E24E004}.Release|Any CPU.Build.0 = Release|Any CPU
		{37ED4389-40CD-44AC-9D5A-BA50453C76E2}.Debug|Any CPU.ActiveCfg = Debug|Any CPU
		{37ED4389-40CD-44AC-9D5A-BA50453C76E2}.Debug|Any CPU.Build.0 = Debug|Any CPU
		{37ED4389-40CD-44AC-9D5A-BA50453C76E2}.Release|Any CPU.ActiveCfg = Release|Any CPU
		{37ED4389-40CD-44AC-9D5A-BA50453C76E2}.Release|Any CPU.Build.0 = Release|Any CPU
		{EA93BBAB-0C49-4598-98D9-B421523773AF}.Debug|Any CPU.ActiveCfg = Debug|Any CPU
		{EA93BBAB-0C49-4598-98D9-B421523773AF}.Debug|Any CPU.Build.0 = Debug|Any CPU
		{EA93BBAB-0C49-4598-98D9-B421523773AF}.Release|Any CPU.ActiveCfg = Release|Any CPU
		{EA93BBAB-0C49-4598-98D9-B421523773AF}.Release|Any CPU.Build.0 = Release|Any CPU
		{490CA4EC-0CB8-404E-AF7D-896F2C1117FB}.Debug|Any CPU.ActiveCfg = Debug|Any CPU
		{490CA4EC-0CB8-404E-AF7D-896F2C1117FB}.Debug|Any CPU.Build.0 = Debug|Any CPU
		{490CA4EC-0CB8-404E-AF7D-896F2C1117FB}.Release|Any CPU.ActiveCfg = Release|Any CPU
		{490CA4EC-0CB8-404E-AF7D-896F2C1117FB}.Release|Any CPU.Build.0 = Release|Any CPU
		{C002123F-74A0-4930-8E87-DB6684F06BEB}.Debug|Any CPU.ActiveCfg = Debug|Any CPU
		{C002123F-74A0-4930-8E87-DB6684F06BEB}.Debug|Any CPU.Build.0 = Debug|Any CPU
		{C002123F-74A0-4930-8E87-DB6684F06BEB}.Release|Any CPU.ActiveCfg = Release|Any CPU
		{C002123F-74A0-4930-8E87-DB6684F06BEB}.Release|Any CPU.Build.0 = Release|Any CPU
		{EC52A1AC-D32B-4815-9ACC-EED65B3860E3}.Debug|Any CPU.ActiveCfg = Debug|Any CPU
		{EC52A1AC-D32B-4815-9ACC-EED65B3860E3}.Debug|Any CPU.Build.0 = Debug|Any CPU
		{EC52A1AC-D32B-4815-9ACC-EED65B3860E3}.Release|Any CPU.ActiveCfg = Release|Any CPU
		{EC52A1AC-D32B-4815-9ACC-EED65B3860E3}.Release|Any CPU.Build.0 = Release|Any CPU
		{A9C68D54-4D17-40F7-9294-CEAC5DAC8057}.Debug|Any CPU.ActiveCfg = Debug|Any CPU
		{A9C68D54-4D17-40F7-9294-CEAC5DAC8057}.Debug|Any CPU.Build.0 = Debug|Any CPU
		{A9C68D54-4D17-40F7-9294-CEAC5DAC8057}.Release|Any CPU.ActiveCfg = Release|Any CPU
		{A9C68D54-4D17-40F7-9294-CEAC5DAC8057}.Release|Any CPU.Build.0 = Release|Any CPU
		{6D04BB30-09E1-4BA3-80CB-B096E631C35D}.Debug|Any CPU.ActiveCfg = Debug|Any CPU
		{6D04BB30-09E1-4BA3-80CB-B096E631C35D}.Debug|Any CPU.Build.0 = Debug|Any CPU
		{6D04BB30-09E1-4BA3-80CB-B096E631C35D}.Release|Any CPU.ActiveCfg = Release|Any CPU
		{6D04BB30-09E1-4BA3-80CB-B096E631C35D}.Release|Any CPU.Build.0 = Release|Any CPU
		{A68E4F39-149C-4B2A-AA77-D5978E43F26B}.Debug|Any CPU.ActiveCfg = Debug|Any CPU
		{A68E4F39-149C-4B2A-AA77-D5978E43F26B}.Debug|Any CPU.Build.0 = Debug|Any CPU
		{A68E4F39-149C-4B2A-AA77-D5978E43F26B}.Release|Any CPU.ActiveCfg = Release|Any CPU
		{A68E4F39-149C-4B2A-AA77-D5978E43F26B}.Release|Any CPU.Build.0 = Release|Any CPU
		{71BD3506-B62A-4E27-858A-65CC5FE73DD5}.Debug|Any CPU.ActiveCfg = Debug|Any CPU
		{71BD3506-B62A-4E27-858A-65CC5FE73DD5}.Debug|Any CPU.Build.0 = Debug|Any CPU
		{71BD3506-B62A-4E27-858A-65CC5FE73DD5}.Release|Any CPU.ActiveCfg = Release|Any CPU
		{71BD3506-B62A-4E27-858A-65CC5FE73DD5}.Release|Any CPU.Build.0 = Release|Any CPU
		{B0F52714-C9A7-4C19-83BB-DE1F9BC0C49F}.Debug|Any CPU.ActiveCfg = Debug|Any CPU
		{B0F52714-C9A7-4C19-83BB-DE1F9BC0C49F}.Debug|Any CPU.Build.0 = Debug|Any CPU
		{B0F52714-C9A7-4C19-83BB-DE1F9BC0C49F}.Release|Any CPU.ActiveCfg = Release|Any CPU
		{B0F52714-C9A7-4C19-83BB-DE1F9BC0C49F}.Release|Any CPU.Build.0 = Release|Any CPU
		{691E8DF8-769C-4CB6-9223-7AB29C1E8C63}.Debug|Any CPU.ActiveCfg = Debug|Any CPU
		{691E8DF8-769C-4CB6-9223-7AB29C1E8C63}.Debug|Any CPU.Build.0 = Debug|Any CPU
		{691E8DF8-769C-4CB6-9223-7AB29C1E8C63}.Release|Any CPU.ActiveCfg = Release|Any CPU
		{691E8DF8-769C-4CB6-9223-7AB29C1E8C63}.Release|Any CPU.Build.0 = Release|Any CPU
		{5834369E-9479-46AB-A54F-5A0B74D01C54}.Debug|Any CPU.ActiveCfg = Debug|Any CPU
		{5834369E-9479-46AB-A54F-5A0B74D01C54}.Debug|Any CPU.Build.0 = Debug|Any CPU
		{5834369E-9479-46AB-A54F-5A0B74D01C54}.Release|Any CPU.ActiveCfg = Release|Any CPU
		{5834369E-9479-46AB-A54F-5A0B74D01C54}.Release|Any CPU.Build.0 = Release|Any CPU
		{5F9CC375-595D-4922-9A07-B89D3987FC54}.Debug|Any CPU.ActiveCfg = Debug|Any CPU
		{5F9CC375-595D-4922-9A07-B89D3987FC54}.Debug|Any CPU.Build.0 = Debug|Any CPU
		{5F9CC375-595D-4922-9A07-B89D3987FC54}.Release|Any CPU.ActiveCfg = Release|Any CPU
		{5F9CC375-595D-4922-9A07-B89D3987FC54}.Release|Any CPU.Build.0 = Release|Any CPU
		{2A6DBD79-EA96-41ED-867C-F1E1804A4831}.Debug|Any CPU.ActiveCfg = Debug|Any CPU
		{2A6DBD79-EA96-41ED-867C-F1E1804A4831}.Debug|Any CPU.Build.0 = Debug|Any CPU
		{2A6DBD79-EA96-41ED-867C-F1E1804A4831}.Release|Any CPU.ActiveCfg = Release|Any CPU
		{2A6DBD79-EA96-41ED-867C-F1E1804A4831}.Release|Any CPU.Build.0 = Release|Any CPU
		{421DA18C-9F66-4A59-B666-2BCA5D303B56}.Debug|Any CPU.ActiveCfg = Debug|Any CPU
		{421DA18C-9F66-4A59-B666-2BCA5D303B56}.Debug|Any CPU.Build.0 = Debug|Any CPU
		{421DA18C-9F66-4A59-B666-2BCA5D303B56}.Release|Any CPU.ActiveCfg = Release|Any CPU
		{421DA18C-9F66-4A59-B666-2BCA5D303B56}.Release|Any CPU.Build.0 = Release|Any CPU
		{471B96C6-2AA7-494C-9993-B0A7635C7658}.Debug|Any CPU.ActiveCfg = Debug|Any CPU
		{471B96C6-2AA7-494C-9993-B0A7635C7658}.Debug|Any CPU.Build.0 = Debug|Any CPU
		{471B96C6-2AA7-494C-9993-B0A7635C7658}.Release|Any CPU.ActiveCfg = Release|Any CPU
		{471B96C6-2AA7-494C-9993-B0A7635C7658}.Release|Any CPU.Build.0 = Release|Any CPU
	EndGlobalSection
EndGlobal
